
Microsoft Visual Studio Solution File, Format Version 12.00
# Visual Studio Version 17
VisualStudioVersion = 17.9.34728.123
MinimumVisualStudioVersion = 10.0.40219.1
Project("{FAE04EC0-301F-11D3-BF4B-00C04F79EFBC}") = "ApiGateway.Host", "src\ApiGateway.Host\ApiGateway.Host.csproj", "{633C887F-3D05-4BF2-BE9C-DFAEB23832CD}"
EndProject
Global
	GlobalSection(SolutionConfigurationPlatforms) = preSolution
		Debug|Any CPU = Debug|Any CPU
		Release|Any CPU = Release|Any CPU
	EndGlobalSection
	GlobalSection(ProjectConfigurationPlatforms) = postSolution
		{633C887F-3D05-4BF2-BE9C-DFAEB23832CD}.Debug|Any CPU.ActiveCfg = Debug|Any CPU
		{633C887F-3D05-4BF2-BE9C-DFAEB23832CD}.Debug|Any CPU.Build.0 = Debug|Any CPU
		{633C887F-3D05-4BF2-BE9C-DFAEB23832CD}.Release|Any CPU.ActiveCfg = Release|Any CPU
		{633C887F-3D05-4BF2-BE9C-DFAEB23832CD}.Release|Any CPU.Build.0 = Release|Any CPU
	EndGlobalSection
	GlobalSection(SolutionProperties) = preSolution
		HideSolutionNode = FALSE
	EndGlobalSection
	GlobalSection(ExtensibilityGlobals) = postSolution
		SolutionGuid = {2EF18D2E-9ECC-4D99-AAB4-6B9CC6CFC098}
	EndGlobalSection
EndGlobal
